# @generated - this file is auto-generated by `mise lock` https://mise.jdx.dev/dev-tools/mise-lock.html

[[tools."aqua:pnpm/pnpm"]]
version = "10.28.1"
backend = "aqua:pnpm/pnpm"

[tools."aqua:pnpm/pnpm"."platforms.linux-arm64"]
checksum = "sha256:bbc6860d6c7eb33bcafe670874323cd6617b03e46f8b34163bb0691eac8156f3"
url = "https://github.com/pnpm/pnpm/releases/download/v10.28.1/pnpm-linux-arm64"

[tools."aqua:pnpm/pnpm"."platforms.linux-x64"]
checksum = "sha256:e1a90745bbab7aad1de6886e5c6da978463fe8382953d1406e0e30661d0613a1"
url = "https://github.com/pnpm/pnpm/releases/download/v10.28.1/pnpm-linux-x64"

[tools."aqua:pnpm/pnpm"."platforms.macos-arm64"]
checksum = "sha256:6c123dcd8c7eab530f51f0544e7c893a5249cabda5a9469db63262cc7a738fcb"
url = "https://github.com/pnpm/pnpm/releases/download/v10.28.1/pnpm-macos-arm64"

[tools."aqua:pnpm/pnpm"."platforms.macos-x64"]
checksum = "sha256:11cc2b5c9e6f0e1d6e2bfb414e0db3d26f07378a76c2c045ec9dbecc91050bd4"
url = "https://github.com/pnpm/pnpm/releases/download/v10.28.1/pnpm-macos-x64"

[tools."aqua:pnpm/pnpm"."platforms.windows-x64"]
checksum = "sha256:6205534c0e8acd0cc3a2da48ee8a3ece33e7e170ab84880f888edca51a795312"
url = "https://github.com/pnpm/pnpm/releases/download/v10.28.1/pnpm-win-x64.exe"

[[tools."github:houseabsolute/precious"]]
version = "0.10.1"
backend = "github:houseabsolute/precious"

[tools."github:houseabsolute/precious"."platforms.linux-arm64"]
checksum = "sha256:3db65f6d3b3502b3b5aaf6df889bc41bda3bb5fac09952c74d6e831652a9df8b"
url = "https://github.com/houseabsolute/precious/releases/download/v0.10.1/precious-Linux-musl-arm64.tar.gz"
url_api = "https://api.github.com/repos/houseabsolute/precious/releases/assets/309267455"

[tools."github:houseabsolute/precious"."platforms.linux-x64"]
checksum = "sha256:34e378aed182421ffacf3f06c80c1f3f7d98c4c9b61b2cacde3ea70868bccfd5"
url = "https://github.com/houseabsolute/precious/releases/download/v0.10.1/precious-Linux-musl-x86_64.tar.gz"
url_api = "https://api.github.com/repos/houseabsolute/precious/releases/assets/309267664"

[tools."github:houseabsolute/precious"."platforms.macos-arm64"]
checksum = "sha256:dbaba885c2d79d3213389c81890720bed390c37cb275cd93bd59a4a0a59721a5"
url = "https://github.com/houseabsolute/precious/releases/download/v0.10.1/precious-macOS-arm64.tar.gz"
url_api = "https://api.github.com/repos/houseabsolute/precious/releases/assets/309267548"

[tools."github:houseabsolute/precious"."platforms.macos-x64"]
checksum = "sha256:5e7a9a50d388e7d6c04bcccd654f7bcf6095a347899d308d35e7768caead6ba6"
url = "https://github.com/houseabsolute/precious/releases/download/v0.10.1/precious-macOS-x86_64.tar.gz"
url_api = "https://api.github.com/repos/houseabsolute/precious/releases/assets/309267052"

[tools."github:houseabsolute/precious"."platforms.windows-x64"]
checksum = "sha256:22f452a5559b81f4528e5cc3cc79263ca30d61af6c09e0b008c3816ff9d40760"
url = "https://github.com/houseabsolute/precious/releases/download/v0.10.1/precious-Windows-msvc-x86_64.zip"
url_api = "https://api.github.com/repos/houseabsolute/precious/releases/assets/309267436"

[[tools."github:sass/dart-sass"]]
version = "1.97.3"
backend = "github:sass/dart-sass"

[tools."github:sass/dart-sass"."platforms.linux-arm64"]
checksum = "sha256:bcf342ebf1fcaa7e2132b9494724074217bc34eda83cd541d6bdab973c36285d"
url = "https://github.com/sass/dart-sass/releases/download/1.97.3/dart-sass-1.97.3-linux-arm64.tar.gz"
url_api = "https://api.github.com/repos/sass/dart-sass/releases/assets/344015400"
provenance = "github-attestations"

[tools."github:sass/dart-sass"."platforms.linux-x64"]
checksum = "sha256:049bb0a0171a776b82cbd1b0a644e43fbeafe8a67e851c077e2f0d1da6f28a86"
url = "https://github.com/sass/dart-sass/releases/download/1.97.3/dart-sass-1.97.3-linux-x64.tar.gz"
url_api = "https://api.github.com/repos/sass/dart-sass/releases/assets/344015405"
provenance = "github-attestations"

[tools."github:sass/dart-sass"."platforms.macos-arm64"]
checksum = "sha256:b73fda91716e9f4fa2e997d89eb4988adb1ba9718c715516743380f797309d0d"
url = "https://github.com/sass/dart-sass/releases/download/1.97.3/dart-sass-1.97.3-macos-arm64.tar.gz"
url_api = "https://api.github.com/repos/sass/dart-sass/releases/assets/344015408"
provenance = "github-attestations"

[tools."github:sass/dart-sass"."platforms.macos-x64"]
checksum = "sha256:d3eb1ec8106b81a654cdbcc7e7107d518a802b71fed26b34c2e78a861b59f382"
url = "https://github.com/sass/dart-sass/releases/download/1.97.3/dart-sass-1.97.3-macos-x64.tar.gz"
url_api = "https://api.github.com/repos/sass/dart-sass/releases/assets/344015409"
provenance = "github-attestations"

[tools."github:sass/dart-sass"."platforms.windows-x64"]
checksum = "sha256:7cefc5a1a1fbe10a7428dea86493f43866f0343ebc7a1e401c8b708ebea26e0a"
url = "https://github.com/sass/dart-sass/releases/download/1.97.3/dart-sass-1.97.3-windows-x64.zip"
url_api = "https://api.github.com/repos/sass/dart-sass/releases/assets/344015414"
provenance = "github-attestations"

[[tools.hugo]]
version = "0.153.1"
backend = "aqua:gohugoio/hugo"

[tools.hugo."platforms.linux-arm64"]
checksum = "sha256:6a84c9634d7d73033d4040b88bbe2143bb07147471871052c2ec321b7241cc20"
url = "https://github.com/gohugoio/hugo/releases/download/v0.153.1/hugo_0.153.1_linux-arm64.tar.gz"

[tools.hugo."platforms.linux-x64"]
checksum = "sha256:2f53a9369478405b3f6ad5fe49da207b13248a18272940ae3061f75e57df3cc7"
url = "https://github.com/gohugoio/hugo/releases/download/v0.153.1/hugo_0.153.1_linux-amd64.tar.gz"

[tools.hugo."platforms.macos-arm64"]
checksum = "sha256:48a3dc5e10038c43b1601d5f2530db554b50276a90c8fbbbd15cd10f8bface04"
url = "https://github.com/gohugoio/hugo/releases/download/v0.153.1/hugo_0.153.1_darwin-universal.pkg"

[tools.hugo."platforms.macos-x64"]
checksum = "sha256:48a3dc5e10038c43b1601d5f2530db554b50276a90c8fbbbd15cd10f8bface04"
url = "https://github.com/gohugoio/hugo/releases/download/v0.153.1/hugo_0.153.1_darwin-universal.pkg"

[tools.hugo."platforms.windows-x64"]
checksum = "sha256:a9818b3bc69bd705f626f6a4abccf5cae63215359896df0f9faadab1120ee061"
url = "https://github.com/gohugoio/hugo/releases/download/v0.153.1/hugo_0.153.1_windows-amd64.zip"

[[tools.lychee]]
version = "0.23.0"
backend = "aqua:lycheeverse/lychee"

[tools.lychee."platforms.linux-arm64"]
checksum = "sha256:97eb93b02a7d78a752fc33e5b0983439ccaadbf3db952b68a0a4401acd92e6e0"
url = "https://github.com/lycheeverse/lychee/releases/download/lychee-v0.23.0/lychee-aarch64-unknown-linux-gnu.tar.gz"

[tools.lychee."platforms.linux-x64"]
checksum = "sha256:5538440d2c69a45a0a09983271e5dee0c2fe7137d8035d25b2632e10a66a090a"
url = "https://github.com/lycheeverse/lychee/releases/download/lychee-v0.23.0/lychee-x86_64-unknown-linux-musl.tar.gz"

[tools.lychee."platforms.macos-arm64"]
checksum = "sha256:4c8034900e11083b68ac6f6582c377ff1f704e268991999e09d717973e493e7f"
url = "https://github.com/lycheeverse/lychee/releases/download/lychee-v0.23.0/lychee-arm64-macos.dmg"

[tools.lychee."platforms.windows-x64"]
checksum = "sha256:0fda7ff0a60c0250939fc25361c2d4e6e7853c31c996733fdd5a1dd760bcb824"
url = "https://github.com/lycheeverse/lychee/releases/download/lychee-v0.23.0/lychee-x86_64-windows.exe"

[[tools.node]]
version = "22.22.0"
backend = "core:node"

[tools.node."platforms.linux-arm64"]
checksum = "sha256:25ba95dfb96871fa2ef977f11f95ea90818c8fa15c0f2110771db08d4ba423be"
url = "https://nodejs.org/dist/v22.22.0/node-v22.22.0-linux-arm64.tar.gz"

[tools.node."platforms.linux-x64"]
checksum = "sha256:c33c39ed9c80deddde77c960d00119918b9e352426fd604ba41638d6526a4744"
url = "https://nodejs.org/dist/v22.22.0/node-v22.22.0-linux-x64.tar.gz"

[tools.node."platforms.macos-arm64"]
checksum = "sha256:5ed4db0fcf1eaf84d91ad12462631d73bf4576c1377e192d222e48026a902640"
url = "https://nodejs.org/dist/v22.22.0/node-v22.22.0-darwin-arm64.tar.gz"

[tools.node."platforms.macos-x64"]
checksum = "sha256:5ea50c9d6dea3dfa3abb66b2656f7a4e1c8cef23432b558d45fb538c7b5dedce"
url = "https://nodejs.org/dist/v22.22.0/node-v22.22.0-darwin-x64.tar.gz"

[tools.node."platforms.windows-x64"]
checksum = "sha256:c97fa376d2becdc8863fcd3ca2dd9a83a9f3468ee7ccf7a6d076ec66a645c77a"
url = "https://nodejs.org/dist/v22.22.0/node-v22.22.0-win-x64.zip"
